
Microsoft Visual Studio Solution File, Format Version 12.00
# Visual Studio Version 17
VisualStudioVersion = 17.4.33213.308
MinimumVisualStudioVersion = 10.0.40219.1
Project("{F184B08F-C81C-45F6-A57F-5ABD9991F28F}") = "MyApp", "MyApp\MyApp.vbproj", "{7A7375E0-7EFF-4291-A7CA-152EEA3F177C}"
EndProject
Global
	GlobalSection(SolutionConfigurationPlatforms) = preSolution
		Debug|Any CPU = Debug|Any CPU
		Release|Any CPU = Release|Any CPU
	EndGlobalSection
	GlobalSection(ProjectConfigurationPlatforms) = postSolution
		{7A7375E0-7EFF-4291-A7CA-152EEA3F177C}.Debug|Any CPU.ActiveCfg = Debug|Any CPU
		{7A7375E0-7EFF-4291-A7CA-152EEA3F177C}.Debug|Any CPU.Build.0 = Debug|Any CPU
		{7A7375E0-7EFF-4291-A7CA-152EEA3F177C}.Release|Any CPU.ActiveCfg = Release|Any CPU
		{7A7375E0-7EFF-4291-A7CA-152EEA3F177C}.Release|Any CPU.Build.0 = Release|Any CPU
	EndGlobalSection
	GlobalSection(SolutionProperties) = preSolution
		HideSolutionNode = FALSE
	EndGlobalSection
	GlobalSection(ExtensibilityGlobals) = postSolution
		SolutionGuid = {61CC91F7-7960-4E59-8EC0-F52E803B383A}
	EndGlobalSection
EndGlobal
